
Microsoft Visual Studio Solution File, Format Version 12.00
# Visual Studio Version 17
VisualStudioVersion = 17.3.32901.215
MinimumVisualStudioVersion = 10.0.40219.1
Project("{FAE04EC0-301F-11D3-BF4B-00C04F79EFBC}") = "La-mia-pizzeria-refactoring", "La-mia-pizzeria-refactoring\La-mia-pizzeria-refactoring.csproj", "{98153EC2-EB89-4B14-8FB4-A7A7E8621A26}"
EndProject
Global
	GlobalSection(SolutionConfigurationPlatforms) = preSolution
		Debug|Any CPU = Debug|Any CPU
		Release|Any CPU = Release|Any CPU
	EndGlobalSection
	GlobalSection(ProjectConfigurationPlatforms) = postSolution
		{98153EC2-EB89-4B14-8FB4-A7A7E8621A26}.Debug|Any CPU.ActiveCfg = Debug|Any CPU
		{98153EC2-EB89-4B14-8FB4-A7A7E8621A26}.Debug|Any CPU.Build.0 = Debug|Any CPU
		{98153EC2-EB89-4B14-8FB4-A7A7E8621A26}.Release|Any CPU.ActiveCfg = Release|Any CPU
		{98153EC2-EB89-4B14-8FB4-A7A7E8621A26}.Release|Any CPU.Build.0 = Release|Any CPU
	EndGlobalSection
	GlobalSection(SolutionProperties) = preSolution
		HideSolutionNode = FALSE
	EndGlobalSection
	GlobalSection(ExtensibilityGlobals) = postSolution
		SolutionGuid = {A4783D2D-CC9A-4587-AEC0-F11AE2540E99}
	EndGlobalSection
EndGlobal
